
Microsoft Visual Studio Solution File, Format Version 12.00
# Visual Studio Version 16
VisualStudioVersion = 16.0.30002.166
MinimumVisualStudioVersion = 10.0.40219.1
Project("{FAE04EC0-301F-11D3-BF4B-00C04F79EFBC}") = "AdminProcesos", "AdminProcesos\AdminProcesos.csproj", "{B284B1EE-A693-4213-BF45-4738E10D7174}"
EndProject
Global
	GlobalSection(SolutionConfigurationPlatforms) = preSolution
		Debug|Any CPU = Debug|Any CPU
		Release|Any CPU = Release|Any CPU
	EndGlobalSection
	GlobalSection(ProjectConfigurationPlatforms) = postSolution
		{B284B1EE-A693-4213-BF45-4738E10D7174}.Debug|Any CPU.ActiveCfg = Debug|Any CPU
		{B284B1EE-A693-4213-BF45-4738E10D7174}.Debug|Any CPU.Build.0 = Debug|Any CPU
		{B284B1EE-A693-4213-BF45-4738E10D7174}.Release|Any CPU.ActiveCfg = Release|Any CPU
		{B284B1EE-A693-4213-BF45-4738E10D7174}.Release|Any CPU.Build.0 = Release|Any CPU
	EndGlobalSection
	GlobalSection(SolutionProperties) = preSolution
		HideSolutionNode = FALSE
	EndGlobalSection
	GlobalSection(ExtensibilityGlobals) = postSolution
		SolutionGuid = {E76B851A-69BE-4D84-A152-29F1C4F26CFD}
	EndGlobalSection
EndGlobal
